
Microsoft Visual Studio Solution File, Format Version 12.00
# Visual Studio Version 17
VisualStudioVersion = 17.5.33424.131
MinimumVisualStudioVersion = 10.0.40219.1
Project("{FAE04EC0-301F-11D3-BF4B-00C04F79EFBC}") = "MM-Lab6", "MM-Lab6.csproj", "{5CBE360A-4E54-40AF-AD3B-24EB7CD277C2}"
EndProject
Global
	GlobalSection(SolutionConfigurationPlatforms) = preSolution
		Debug|Any CPU = Debug|Any CPU
		Release|Any CPU = Release|Any CPU
	EndGlobalSection
	GlobalSection(ProjectConfigurationPlatforms) = postSolution
		{5CBE360A-4E54-40AF-AD3B-24EB7CD277C2}.Debug|Any CPU.ActiveCfg = Debug|Any CPU
		{5CBE360A-4E54-40AF-AD3B-24EB7CD277C2}.Debug|Any CPU.Build.0 = Debug|Any CPU
		{5CBE360A-4E54-40AF-AD3B-24EB7CD277C2}.Release|Any CPU.ActiveCfg = Release|Any CPU
		{5CBE360A-4E54-40AF-AD3B-24EB7CD277C2}.Release|Any CPU.Build.0 = Release|Any CPU
	EndGlobalSection
	GlobalSection(SolutionProperties) = preSolution
		HideSolutionNode = FALSE
	EndGlobalSection
	GlobalSection(ExtensibilityGlobals) = postSolution
		SolutionGuid = {57B76D4C-C43F-40B1-98E2-3FCF619D9B40}
	EndGlobalSection
EndGlobal
